
Microsoft Visual Studio Solution File, Format Version 12.00
# Visual Studio Version 17
VisualStudioVersion = 17.10.35122.118
MinimumVisualStudioVersion = 10.0.40219.1
Project("{FAE04EC0-301F-11D3-BF4B-00C04F79EFBC}") = "AzureFunctionsDiscordBot", "AzureFunctionsDiscordBot\AzureFunctionsDiscordBot.csproj", "{465FFF5E-F614-4F9B-A375-A4171C07552D}"
EndProject
Project("{2150E333-8FDC-42A3-9474-1A3956D46DE8}") = "ソリューション項目", "ソリューション項目", "{986CB137-DE1B-4385-9473-D504696588C4}"
	ProjectSection(SolutionItems) = preProject
		.github\workflows\wake-function.yml = .github\workflows\wake-function.yml
	EndProjectSection
EndProject
Global
	GlobalSection(SolutionConfigurationPlatforms) = preSolution
		Debug|Any CPU = Debug|Any CPU
		Release|Any CPU = Release|Any CPU
	EndGlobalSection
	GlobalSection(ProjectConfigurationPlatforms) = postSolution
		{465FFF5E-F614-4F9B-A375-A4171C07552D}.Debug|Any CPU.ActiveCfg = Debug|Any CPU
		{465FFF5E-F614-4F9B-A375-A4171C07552D}.Debug|Any CPU.Build.0 = Debug|Any CPU
		{465FFF5E-F614-4F9B-A375-A4171C07552D}.Release|Any CPU.ActiveCfg = Release|Any CPU
		{465FFF5E-F614-4F9B-A375-A4171C07552D}.Release|Any CPU.Build.0 = Release|Any CPU
	EndGlobalSection
	GlobalSection(SolutionProperties) = preSolution
		HideSolutionNode = FALSE
	EndGlobalSection
	GlobalSection(ExtensibilityGlobals) = postSolution
		SolutionGuid = {2CBA7BD3-37C8-4800-AB1E-C21F0AC708E2}
	EndGlobalSection
EndGlobal
